
Microsoft Visual Studio Solution File, Format Version 12.00
# Visual Studio Version 17
VisualStudioVersion = 17.6.33717.318
MinimumVisualStudioVersion = 10.0.40219.1
Project("{FAE04EC0-301F-11D3-BF4B-00C04F79EFBC}") = "FrontToEnd1", "FrontToEnd1\FrontToEnd1.csproj", "{1136127C-87FB-4299-B6E2-81A75A94187E}"
EndProject
Global
	GlobalSection(SolutionConfigurationPlatforms) = preSolution
		Debug|Any CPU = Debug|Any CPU
		Release|Any CPU = Release|Any CPU
	EndGlobalSection
	GlobalSection(ProjectConfigurationPlatforms) = postSolution
		{1136127C-87FB-4299-B6E2-81A75A94187E}.Debug|Any CPU.ActiveCfg = Debug|Any CPU
		{1136127C-87FB-4299-B6E2-81A75A94187E}.Debug|Any CPU.Build.0 = Debug|Any CPU
		{1136127C-87FB-4299-B6E2-81A75A94187E}.Release|Any CPU.ActiveCfg = Release|Any CPU
		{1136127C-87FB-4299-B6E2-81A75A94187E}.Release|Any CPU.Build.0 = Release|Any CPU
	EndGlobalSection
	GlobalSection(SolutionProperties) = preSolution
		HideSolutionNode = FALSE
	EndGlobalSection
	GlobalSection(ExtensibilityGlobals) = postSolution
		SolutionGuid = {53D38A92-ABA0-4254-8ED8-9D9FE4093F61}
	EndGlobalSection
EndGlobal
